{
  "name": "postgresql",
  "lockfileVersion": 2,
  "requires": true,
  "packages": {
    "": {
      "dependencies": {
        "@database-revisions/cli": "file:../../packages/cli",
        "@database-revisions/postgresql": "file:../../packages/postgresql"
      }
    },
    "../../packages/cli": {
      "name": "@database-revisions/cli",
      "version": "0.1.0",
      "license": "MIT",
      "dependencies": {
        "@database-revisions/types": "file:../types",
        "@types/prompts": "^2.4.2",
        "bunyan": "^1.8.15",
        "prompts": "^2.4.2"
      },
      "bin": {
        "database-revisions": "bin/cli.js",
        "db": "bin/cli.js",
        "migrate": "bin/cli.js",
        "revisions": "bin/cli.js"
      },
      "devDependencies": {
        "@types/bunyan": "^1.8.8",
        "typescript": "^4.9.4"
      }
    },
    "../../packages/cli/node_modules/@database-revisions/types": {
      "resolved": "../../packages/types",
      "link": true
    },
    "../../packages/cli/node_modules/@types/bunyan": {
      "version": "1.8.8",
      "dev": true,
      "license": "MIT",
      "dependencies": {
        "@types/node": "*"
      }
    },
    "../../packages/cli/node_modules/@types/node": {
      "version": "18.11.18",
      "dev": true,
      "license": "MIT"
    },
    "../../packages/cli/node_modules/balanced-match": {
      "version": "1.0.2",
      "license": "MIT",
      "optional": true
    },
    "../../packages/cli/node_modules/brace-expansion": {
      "version": "1.1.11",
      "license": "MIT",
      "optional": true,
      "dependencies": {
        "balanced-match": "^1.0.0",
        "concat-map": "0.0.1"
      }
    },
    "../../packages/cli/node_modules/bunyan": {
      "version": "1.8.15",
      "engines": [
        "node >=0.10.0"
      ],
      "license": "MIT",
      "bin": {
        "bunyan": "bin/bunyan"
      },
      "optionalDependencies": {
        "dtrace-provider": "~0.8",
        "moment": "^2.19.3",
        "mv": "~2",
        "safe-json-stringify": "~1"
      }
    },
    "../../packages/cli/node_modules/concat-map": {
      "version": "0.0.1",
      "license": "MIT",
      "optional": true
    },
    "../../packages/cli/node_modules/dtrace-provider": {
      "version": "0.8.8",
      "hasInstallScript": true,
      "license": "BSD-2-Clause",
      "optional": true,
      "dependencies": {
        "nan": "^2.14.0"
      },
      "engines": {
        "node": ">=0.10"
      }
    },
    "../../packages/cli/node_modules/glob": {
      "version": "6.0.4",
      "license": "ISC",
      "optional": true,
      "dependencies": {
        "inflight": "^1.0.4",
        "inherits": "2",
        "minimatch": "2 || 3",
        "once": "^1.3.0",
        "path-is-absolute": "^1.0.0"
      },
      "engines": {
        "node": "*"
      }
    },
    "../../packages/cli/node_modules/inflight": {
      "version": "1.0.6",
      "license": "ISC",
      "optional": true,
      "dependencies": {
        "once": "^1.3.0",
        "wrappy": "1"
      }
    },
    "../../packages/cli/node_modules/inherits": {
      "version": "2.0.4",
      "license": "ISC",
      "optional": true
    },
    "../../packages/cli/node_modules/minimatch": {
      "version": "3.1.2",
      "license": "ISC",
      "optional": true,
      "dependencies": {
        "brace-expansion": "^1.1.7"
      },
      "engines": {
        "node": "*"
      }
    },
    "../../packages/cli/node_modules/minimist": {
      "version": "1.2.7",
      "license": "MIT",
      "optional": true,
      "funding": {
        "url": "https://github.com/sponsors/ljharb"
      }
    },
    "../../packages/cli/node_modules/mkdirp": {
      "version": "0.5.6",
      "license": "MIT",
      "optional": true,
      "dependencies": {
        "minimist": "^1.2.6"
      },
      "bin": {
        "mkdirp": "bin/cmd.js"
      }
    },
    "../../packages/cli/node_modules/moment": {
      "version": "2.29.4",
      "license": "MIT",
      "optional": true,
      "engines": {
        "node": "*"
      }
    },
    "../../packages/cli/node_modules/mv": {
      "version": "2.1.1",
      "license": "MIT",
      "optional": true,
      "dependencies": {
        "mkdirp": "~0.5.1",
        "ncp": "~2.0.0",
        "rimraf": "~2.4.0"
      },
      "engines": {
        "node": ">=0.8.0"
      }
    },
    "../../packages/cli/node_modules/nan": {
      "version": "2.17.0",
      "license": "MIT",
      "optional": true
    },
    "../../packages/cli/node_modules/ncp": {
      "version": "2.0.0",
      "license": "MIT",
      "optional": true,
      "bin": {
        "ncp": "bin/ncp"
      }
    },
    "../../packages/cli/node_modules/once": {
      "version": "1.4.0",
      "license": "ISC",
      "optional": true,
      "dependencies": {
        "wrappy": "1"
      }
    },
    "../../packages/cli/node_modules/path-is-absolute": {
      "version": "1.0.1",
      "license": "MIT",
      "optional": true,
      "engines": {
        "node": ">=0.10.0"
      }
    },
    "../../packages/cli/node_modules/rimraf": {
      "version": "2.4.5",
      "license": "ISC",
      "optional": true,
      "dependencies": {
        "glob": "^6.0.1"
      },
      "bin": {
        "rimraf": "bin.js"
      }
    },
    "../../packages/cli/node_modules/safe-json-stringify": {
      "version": "1.2.0",
      "license": "MIT",
      "optional": true
    },
    "../../packages/cli/node_modules/typescript": {
      "version": "4.9.4",
      "dev": true,
      "license": "Apache-2.0",
      "bin": {
        "tsc": "bin/tsc",
        "tsserver": "bin/tsserver"
      },
      "engines": {
        "node": ">=4.2.0"
      }
    },
    "../../packages/cli/node_modules/wrappy": {
      "version": "1.0.2",
      "license": "ISC",
      "optional": true
    },
    "../../packages/postgresql": {
      "name": "@database-revisions/postgresql",
      "version": "0.0.0",
      "license": "MIT",
      "dependencies": {
        "pg": "^8.8.0"
      },
      "devDependencies": {
        "@database-revisions/types": "file:../types",
        "@types/pg": "^8.6.6",
        "typescript": "^4.9.4"
      }
    },
    "../../packages/postgresql/node_modules/@database-revisions/types": {
      "resolved": "../../packages/types",
      "link": true
    },
    "../../packages/postgresql/node_modules/@types/node": {
      "version": "18.11.18",
      "dev": true,
      "license": "MIT"
    },
    "../../packages/postgresql/node_modules/@types/pg": {
      "version": "8.6.6",
      "dev": true,
      "license": "MIT",
      "dependencies": {
        "@types/node": "*",
        "pg-protocol": "*",
        "pg-types": "^2.2.0"
      }
    },
    "../../packages/postgresql/node_modules/buffer-writer": {
      "version": "2.0.0",
      "license": "MIT",
      "engines": {
        "node": ">=4"
      }
    },
    "../../packages/postgresql/node_modules/packet-reader": {
      "version": "1.0.0",
      "license": "MIT"
    },
    "../../packages/postgresql/node_modules/pg": {
      "version": "8.8.0",
      "license": "MIT",
      "dependencies": {
        "buffer-writer": "2.0.0",
        "packet-reader": "1.0.0",
        "pg-connection-string": "^2.5.0",
        "pg-pool": "^3.5.2",
        "pg-protocol": "^1.5.0",
        "pg-types": "^2.1.0",
        "pgpass": "1.x"
      },
      "engines": {
        "node": ">= 8.0.0"
      },
      "peerDependencies": {
        "pg-native": ">=3.0.1"
      },
      "peerDependenciesMeta": {
        "pg-native": {
          "optional": true
        }
      }
    },
    "../../packages/postgresql/node_modules/pg-connection-string": {
      "version": "2.5.0",
      "license": "MIT"
    },
    "../../packages/postgresql/node_modules/pg-int8": {
      "version": "1.0.1",
      "license": "ISC",
      "engines": {
        "node": ">=4.0.0"
      }
    },
    "../../packages/postgresql/node_modules/pg-pool": {
      "version": "3.5.2",
      "license": "MIT",
      "peerDependencies": {
        "pg": ">=8.0"
      }
    },
    "../../packages/postgresql/node_modules/pg-protocol": {
      "version": "1.5.0",
      "license": "MIT"
    },
    "../../packages/postgresql/node_modules/pg-types": {
      "version": "2.2.0",
      "license": "MIT",
      "dependencies": {
        "pg-int8": "1.0.1",
        "postgres-array": "~2.0.0",
        "postgres-bytea": "~1.0.0",
        "postgres-date": "~1.0.4",
        "postgres-interval": "^1.1.0"
      },
      "engines": {
        "node": ">=4"
      }
    },
    "../../packages/postgresql/node_modules/pgpass": {
      "version": "1.0.5",
      "license": "MIT",
      "dependencies": {
        "split2": "^4.1.0"
      }
    },
    "../../packages/postgresql/node_modules/postgres-array": {
      "version": "2.0.0",
      "license": "MIT",
      "engines": {
        "node": ">=4"
      }
    },
    "../../packages/postgresql/node_modules/postgres-bytea": {
      "version": "1.0.0",
      "license": "MIT",
      "engines": {
        "node": ">=0.10.0"
      }
    },
    "../../packages/postgresql/node_modules/postgres-date": {
      "version": "1.0.7",
      "license": "MIT",
      "engines": {
        "node": ">=0.10.0"
      }
    },
    "../../packages/postgresql/node_modules/postgres-interval": {
      "version": "1.2.0",
      "license": "MIT",
      "dependencies": {
        "xtend": "^4.0.0"
      },
      "engines": {
        "node": ">=0.10.0"
      }
    },
    "../../packages/postgresql/node_modules/split2": {
      "version": "4.1.0",
      "license": "ISC",
      "engines": {
        "node": ">= 10.x"
      }
    },
    "../../packages/postgresql/node_modules/typescript": {
      "version": "4.9.4",
      "dev": true,
      "license": "Apache-2.0",
      "bin": {
        "tsc": "bin/tsc",
        "tsserver": "bin/tsserver"
      },
      "engines": {
        "node": ">=4.2.0"
      }
    },
    "../../packages/postgresql/node_modules/xtend": {
      "version": "4.0.2",
      "license": "MIT",
      "engines": {
        "node": ">=0.4"
      }
    },
    "../../packages/types": {
      "name": "@database-revisions/types",
      "version": "0.1.0",
      "license": "MIT",
      "devDependencies": {
        "typescript": "^4.9.4"
      }
    },
    "../../packages/types/node_modules/typescript": {
      "version": "4.9.4",
      "dev": true,
      "license": "Apache-2.0",
      "bin": {
        "tsc": "bin/tsc",
        "tsserver": "bin/tsserver"
      },
      "engines": {
        "node": ">=4.2.0"
      }
    },
    "node_modules/@database-revisions/cli": {
      "resolved": "../../packages/cli",
      "link": true
    },
    "node_modules/@database-revisions/postgresql": {
      "resolved": "../../packages/postgresql",
      "link": true
    }
  },
  "dependencies": {
    "@database-revisions/cli": {
      "version": "file:../../packages/cli",
      "requires": {
        "@database-revisions/types": "file:../types",
        "@types/bunyan": "^1.8.8",
        "@types/prompts": "^2.4.2",
        "bunyan": "^1.8.15",
        "prompts": "^2.4.2",
        "typescript": "^4.9.4"
      },
      "dependencies": {
        "@database-revisions/types": {
          "version": "file:../../packages/types",
          "requires": {
            "typescript": "^4.9.4"
          },
          "dependencies": {
            "typescript": {
              "version": "4.9.4",
              "dev": true
            }
          }
        },
        "@types/bunyan": {
          "version": "1.8.8",
          "dev": true,
          "requires": {
            "@types/node": "*"
          }
        },
        "@types/node": {
          "version": "18.11.18",
          "dev": true
        },
        "balanced-match": {
          "version": "1.0.2",
          "optional": true
        },
        "brace-expansion": {
          "version": "1.1.11",
          "optional": true,
          "requires": {
            "balanced-match": "^1.0.0",
            "concat-map": "0.0.1"
          }
        },
        "bunyan": {
          "version": "1.8.15",
          "requires": {
            "dtrace-provider": "~0.8",
            "moment": "^2.19.3",
            "mv": "~2",
            "safe-json-stringify": "~1"
          }
        },
        "concat-map": {
          "version": "0.0.1",
          "optional": true
        },
        "dtrace-provider": {
          "version": "0.8.8",
          "optional": true,
          "requires": {
            "nan": "^2.14.0"
          }
        },
        "glob": {
          "version": "6.0.4",
          "optional": true,
          "requires": {
            "inflight": "^1.0.4",
            "inherits": "2",
            "minimatch": "2 || 3",
            "once": "^1.3.0",
            "path-is-absolute": "^1.0.0"
          }
        },
        "inflight": {
          "version": "1.0.6",
          "optional": true,
          "requires": {
            "once": "^1.3.0",
            "wrappy": "1"
          }
        },
        "inherits": {
          "version": "2.0.4",
          "optional": true
        },
        "minimatch": {
          "version": "3.1.2",
          "optional": true,
          "requires": {
            "brace-expansion": "^1.1.7"
          }
        },
        "minimist": {
          "version": "1.2.7",
          "optional": true
        },
        "mkdirp": {
          "version": "0.5.6",
          "optional": true,
          "requires": {
            "minimist": "^1.2.6"
          }
        },
        "moment": {
          "version": "2.29.4",
          "optional": true
        },
        "mv": {
          "version": "2.1.1",
          "optional": true,
          "requires": {
            "mkdirp": "~0.5.1",
            "ncp": "~2.0.0",
            "rimraf": "~2.4.0"
          }
        },
        "nan": {
          "version": "2.17.0",
          "optional": true
        },
        "ncp": {
          "version": "2.0.0",
          "optional": true
        },
        "once": {
          "version": "1.4.0",
          "optional": true,
          "requires": {
            "wrappy": "1"
          }
        },
        "path-is-absolute": {
          "version": "1.0.1",
          "optional": true
        },
        "rimraf": {
          "version": "2.4.5",
          "optional": true,
          "requires": {
            "glob": "^6.0.1"
          }
        },
        "safe-json-stringify": {
          "version": "1.2.0",
          "optional": true
        },
        "typescript": {
          "version": "4.9.4",
          "dev": true
        },
        "wrappy": {
          "version": "1.0.2",
          "optional": true
        }
      }
    },
    "@database-revisions/postgresql": {
      "version": "file:../../packages/postgresql",
      "requires": {
        "@database-revisions/types": "file:../types",
        "@types/pg": "^8.6.6",
        "pg": "^8.8.0",
        "typescript": "^4.9.4"
      },
      "dependencies": {
        "@database-revisions/types": {
          "version": "file:../../packages/types",
          "requires": {
            "typescript": "^4.9.4"
          },
          "dependencies": {
            "typescript": {
              "version": "4.9.4",
              "dev": true
            }
          }
        },
        "@types/node": {
          "version": "18.11.18",
          "dev": true
        },
        "@types/pg": {
          "version": "8.6.6",
          "dev": true,
          "requires": {
            "@types/node": "*",
            "pg-protocol": "*",
            "pg-types": "^2.2.0"
          }
        },
        "buffer-writer": {
          "version": "2.0.0"
        },
        "packet-reader": {
          "version": "1.0.0"
        },
        "pg": {
          "version": "8.8.0",
          "requires": {
            "buffer-writer": "2.0.0",
            "packet-reader": "1.0.0",
            "pg-connection-string": "^2.5.0",
            "pg-pool": "^3.5.2",
            "pg-protocol": "^1.5.0",
            "pg-types": "^2.1.0",
            "pgpass": "1.x"
          }
        },
        "pg-connection-string": {
          "version": "2.5.0"
        },
        "pg-int8": {
          "version": "1.0.1"
        },
        "pg-pool": {
          "version": "3.5.2",
          "requires": {}
        },
        "pg-protocol": {
          "version": "1.5.0"
        },
        "pg-types": {
          "version": "2.2.0",
          "requires": {
            "pg-int8": "1.0.1",
            "postgres-array": "~2.0.0",
            "postgres-bytea": "~1.0.0",
            "postgres-date": "~1.0.4",
            "postgres-interval": "^1.1.0"
          }
        },
        "pgpass": {
          "version": "1.0.5",
          "requires": {
            "split2": "^4.1.0"
          }
        },
        "postgres-array": {
          "version": "2.0.0"
        },
        "postgres-bytea": {
          "version": "1.0.0"
        },
        "postgres-date": {
          "version": "1.0.7"
        },
        "postgres-interval": {
          "version": "1.2.0",
          "requires": {
            "xtend": "^4.0.0"
          }
        },
        "split2": {
          "version": "4.1.0"
        },
        "typescript": {
          "version": "4.9.4",
          "dev": true
        },
        "xtend": {
          "version": "4.0.2"
        }
      }
    }
  }
}
